
Microsoft Visual Studio Solution File, Format Version 12.00
# Visual Studio Version 17
VisualStudioVersion = 17.3.32922.545
MinimumVisualStudioVersion = 10.0.40219.1
Project("{8BC9CEB8-8B4A-11D0-8D11-00A0C91BC942}") = "CalculadoraPosFijo", "CalculadoraPosFijo\CalculadoraPosFijo.vcxproj", "{77B5DA75-42EB-4E7E-AA26-71FB7C044394}"
EndProject
Global
	GlobalSection(SolutionConfigurationPlatforms) = preSolution
		Debug|x64 = Debug|x64
		Debug|x86 = Debug|x86
		Release|x64 = Release|x64
		Release|x86 = Release|x86
	EndGlobalSection
	GlobalSection(ProjectConfigurationPlatforms) = postSolution
		{77B5DA75-42EB-4E7E-AA26-71FB7C044394}.Debug|x64.ActiveCfg = Debug|x64
		{77B5DA75-42EB-4E7E-AA26-71FB7C044394}.Debug|x64.Build.0 = Debug|x64
		{77B5DA75-42EB-4E7E-AA26-71FB7C044394}.Debug|x86.ActiveCfg = Debug|Win32
		{77B5DA75-42EB-4E7E-AA26-71FB7C044394}.Debug|x86.Build.0 = Debug|Win32
		{77B5DA75-42EB-4E7E-AA26-71FB7C044394}.Release|x64.ActiveCfg = Release|x64
		{77B5DA75-42EB-4E7E-AA26-71FB7C044394}.Release|x64.Build.0 = Release|x64
		{77B5DA75-42EB-4E7E-AA26-71FB7C044394}.Release|x86.ActiveCfg = Release|Win32
		{77B5DA75-42EB-4E7E-AA26-71FB7C044394}.Release|x86.Build.0 = Release|Win32
	EndGlobalSection
	GlobalSection(SolutionProperties) = preSolution
		HideSolutionNode = FALSE
	EndGlobalSection
	GlobalSection(ExtensibilityGlobals) = postSolution
		SolutionGuid = {CB8E96AB-79A2-4490-93EF-2271D533BF68}
	EndGlobalSection
EndGlobal
